<?xml version="1.0" encoding="utf-8"?>
<Project ToolsVersion="4.0" xmlns="http://schemas.microsoft.com/developer/msbuild/2003">
  <ItemGroup>
    <Filter Include="Source Files">
      <UniqueIdentifier>{3620daea-ddef-4fcd-8f78-a8cd8cdb2928}</UniqueIdentifier>
      <Extensions>cpp;c;cxx;rc;def;r;odl;idl;hpj;bat</Extensions>
    </Filter>
    <Filter Include="Header Files">
      <UniqueIdentifier>{9e655e5c-30e4-44a4-a237-f39cd6ab2add}</UniqueIdentifier>
      <Extensions>h;hpp;hxx;hm;inl</Extensions>
    </Filter>
    <Filter Include="Resource Files">
      <UniqueIdentifier>{357a7a49-94e3-4fc8-98ff-c7dbde8e0006}</UniqueIdentifier>
      <Extensions>ico;cur;bmp;dlg;rc2;rct;bin;rgs;gif;jpg;jpeg;jpe</Extensions>
    </Filter>
  </ItemGroup>
  <ItemGroup>
    <ClCompile Include="CBFG.cpp">
      <Filter>Source Files</Filter>
    </ClCompile>
    <ClCompile Include="ConfigProc.cpp">
      <Filter>Source Files</Filter>
    </ClCompile>
    <ClCompile Include="FileRequest.cpp">
      <Filter>Source Files</Filter>
    </ClCompile>
    <ClCompile Include="FontMapClass.cpp">
      <Filter>Source Files</Filter>
    </ClCompile>
    <ClCompile Include="MainProc.cpp">
      <Filter>Source Files</Filter>
    </ClCompile>
    <ClCompile Include="PreviewProc.cpp">
      <Filter>Source Files</Filter>
    </ClCompile>
    <ClCompile Include="SaveOptProc.cpp">
      <Filter>Source Files</Filter>
    </ClCompile>
    <ClCompile Include="SBM-Util.cpp">
      <Filter>Source Files</Filter>
    </ClCompile>
    <ClCompile Include="SplashProc.cpp">
      <Filter>Source Files</Filter>
    </ClCompile>
    <ClCompile Include="StdAfx.cpp">
      <Filter>Source Files</Filter>
    </ClCompile>
    <ClCompile Include="TextWinProc.cpp">
      <Filter>Source Files</Filter>
    </ClCompile>
    <ClCompile Include="UtilFunctions.cpp">
      <Filter>Source Files</Filter>
    </ClCompile>
  </ItemGroup>
  <ItemGroup>
    <ClInclude Include="CBFGDefs.h">
      <Filter>Header Files</Filter>
    </ClInclude>
    <ClInclude Include="file-request.h">
      <Filter>Header Files</Filter>
    </ClInclude>
    <ClInclude Include="FontMapClass.h">
      <Filter>Header Files</Filter>
    </ClInclude>
    <ClInclude Include="Procs.h">
      <Filter>Header Files</Filter>
    </ClInclude>
    <ClInclude Include="SBM-Util.h">
      <Filter>Header Files</Filter>
    </ClInclude>
    <ClInclude Include="StdAfx.h">
      <Filter>Header Files</Filter>
    </ClInclude>
    <ClInclude Include="UtilFunctions.h">
      <Filter>Header Files</Filter>
    </ClInclude>
    <ClInclude Include="resource.h">
      <Filter>Resource Files</Filter>
    </ClInclude>
  </ItemGroup>
  <ItemGroup>
    <None Include="BFG2.bmp">
      <Filter>Resource Files</Filter>
    </None>
    <None Include="fontgen.bmp">
      <Filter>Resource Files</Filter>
    </None>
    <None Include="ico00002.ico">
      <Filter>Resource Files</Filter>
    </None>
    <None Include="ico_down.ico">
      <Filter>Resource Files</Filter>
    </None>
    <None Include="ico_left.ico">
      <Filter>Resource Files</Filter>
    </None>
    <None Include="ico_right.ico">
      <Filter>Resource Files</Filter>
    </None>
    <None Include="icon1.ico">
      <Filter>Resource Files</Filter>
    </None>
  </ItemGroup>
  <ItemGroup>
    <ResourceCompile Include="Script1.rc">
      <Filter>Resource Files</Filter>
    </ResourceCompile>
  </ItemGroup>
  <ItemGroup>
    <Text Include="LICENCE" />
  </ItemGroup>
</Project>