
Microsoft Visual Studio Solution File, Format Version 12.00
# Visual Studio 2012
Project("{8BC9CEB8-8B4A-11D0-8D11-00A0C91BC942}") = "CBFG", "CBFG.vcxproj", "{E3E4878D-7837-45A3-AF37-7ABF4182C55A}"
EndProject
Global
	GlobalSection(SolutionConfigurationPlatforms) = preSolution
		Debug|Win32 = Debug|Win32
		Release|Win32 = Release|Win32
	EndGlobalSection
	GlobalSection(ProjectConfigurationPlatforms) = postSolution
		{E3E4878D-7837-45A3-AF37-7ABF4182C55A}.Debug|Win32.ActiveCfg = Debug|Win32
		{E3E4878D-7837-45A3-AF37-7ABF4182C55A}.Debug|Win32.Build.0 = Debug|Win32
		{E3E4878D-7837-45A3-AF37-7ABF4182C55A}.Release|Win32.ActiveCfg = Release|Win32
		{E3E4878D-7837-45A3-AF37-7ABF4182C55A}.Release|Win32.Build.0 = Release|Win32
	EndGlobalSection
	GlobalSection(SolutionProperties) = preSolution
		HideSolutionNode = FALSE
	EndGlobalSection
EndGlobal
